
Microsoft Visual Studio Solution File, Format Version 12.00
Project("{FAE04EC0-301F-11D3-BF4B-00C04F79EFBC}") = "CodeWars", "CodeWars\CodeWars.csproj", "{0D7BDDF7-B36E-450D-A704-03065971A838}"
EndProject
Project("{FAE04EC0-301F-11D3-BF4B-00C04F79EFBC}") = "CodeWars.Tests", "CodeWars.Tests\CodeWars.Tests.csproj", "{2D446A44-27FC-41CD-AAB7-A292989C7738}"
EndProject
Global
	GlobalSection(SolutionConfigurationPlatforms) = preSolution
		Debug|Any CPU = Debug|Any CPU
		Release|Any CPU = Release|Any CPU
	EndGlobalSection
	GlobalSection(ProjectConfigurationPlatforms) = postSolution
		{0D7BDDF7-B36E-450D-A704-03065971A838}.Debug|Any CPU.ActiveCfg = Debug|Any CPU
		{0D7BDDF7-B36E-450D-A704-03065971A838}.Debug|Any CPU.Build.0 = Debug|Any CPU
		{0D7BDDF7-B36E-450D-A704-03065971A838}.Release|Any CPU.ActiveCfg = Release|Any CPU
		{0D7BDDF7-B36E-450D-A704-03065971A838}.Release|Any CPU.Build.0 = Release|Any CPU
		{2D446A44-27FC-41CD-AAB7-A292989C7738}.Debug|Any CPU.ActiveCfg = Debug|Any CPU
		{2D446A44-27FC-41CD-AAB7-A292989C7738}.Debug|Any CPU.Build.0 = Debug|Any CPU
		{2D446A44-27FC-41CD-AAB7-A292989C7738}.Release|Any CPU.ActiveCfg = Release|Any CPU
		{2D446A44-27FC-41CD-AAB7-A292989C7738}.Release|Any CPU.Build.0 = Release|Any CPU
	EndGlobalSection
EndGlobal
